
Microsoft Visual Studio Solution File, Format Version 12.00
# Visual Studio Version 17
VisualStudioVersion = 17.0.31903.59
MinimumVisualStudioVersion = 10.0.40219.1
Project("{FAE04EC0-301F-11D3-BF4B-00C04F79EFBC}") = "api", "api\api.csproj", "{C4176E95-19F9-405F-BC76-EF99BB758F64}"
EndProject
Project("{FAE04EC0-301F-11D3-BF4B-00C04F79EFBC}") = "grains", "grains\grains.csproj", "{85D606DD-D207-499C-8F88-614960DE906A}"
EndProject
Project("{FAE04EC0-301F-11D3-BF4B-00C04F79EFBC}") = "grain-tests", "grain-tests\grain-tests.csproj", "{42DF18F7-5A9A-4915-84C3-4CB80F66B635}"
EndProject

Project("{2150E333-8FDC-42A3-9474-1A3956D46DE8}") = ".sln", ".sln", "{D60D9083-AF73-4264-BA04-8F57A0194D06}"
	ProjectSection(SolutionItems) = preProject
			Directory.Build.props = Directory.Build.props
		Directory.Build.targets = Directory.Build.targets
		nx.json = nx.json
		package.json = package.json
		README.md = README.md
		dotnet-tools.json = .config/dotnet-tools.json
			.gitignore = .gitignore
		readme2.md = readme2.md
	EndProjectSection
EndProject
Project("{2150E333-8FDC-42A3-9474-1A3956D46DE8}") = ".github", ".github", "{879227D7-64E6-4E31-AFF7-358BF0B557F5}"
EndProject
Project("{2150E333-8FDC-42A3-9474-1A3956D46DE8}") = "workflows", "workflows", "{238A0741-D784-43B0-B3E5-1D109118DAF1}"
	ProjectSection(SolutionItems) = preProject
		.github\workflows\ci.yml = .github\workflows\ci.yml
	EndProjectSection
EndProject
Global
	GlobalSection(SolutionConfigurationPlatforms) = preSolution
		Debug|Any CPU = Debug|Any CPU
		Release|Any CPU = Release|Any CPU
	EndGlobalSection
	GlobalSection(SolutionProperties) = preSolution
		HideSolutionNode = FALSE
	EndGlobalSection
	GlobalSection(ProjectConfigurationPlatforms) = postSolution
		{C4176E95-19F9-405F-BC76-EF99BB758F64}.Debug|Any CPU.ActiveCfg = Debug|Any CPU
		{C4176E95-19F9-405F-BC76-EF99BB758F64}.Debug|Any CPU.Build.0 = Debug|Any CPU
		{C4176E95-19F9-405F-BC76-EF99BB758F64}.Release|Any CPU.ActiveCfg = Release|Any CPU
		{C4176E95-19F9-405F-BC76-EF99BB758F64}.Release|Any CPU.Build.0 = Release|Any CPU
		{85D606DD-D207-499C-8F88-614960DE906A}.Debug|Any CPU.ActiveCfg = Debug|Any CPU
		{85D606DD-D207-499C-8F88-614960DE906A}.Debug|Any CPU.Build.0 = Debug|Any CPU
		{85D606DD-D207-499C-8F88-614960DE906A}.Release|Any CPU.ActiveCfg = Release|Any CPU
		{85D606DD-D207-499C-8F88-614960DE906A}.Release|Any CPU.Build.0 = Release|Any CPU
		{42DF18F7-5A9A-4915-84C3-4CB80F66B635}.Debug|Any CPU.ActiveCfg = Debug|Any CPU
		{42DF18F7-5A9A-4915-84C3-4CB80F66B635}.Debug|Any CPU.Build.0 = Debug|Any CPU
		{42DF18F7-5A9A-4915-84C3-4CB80F66B635}.Release|Any CPU.ActiveCfg = Release|Any CPU
		{42DF18F7-5A9A-4915-84C3-4CB80F66B635}.Release|Any CPU.Build.0 = Release|Any CPU
	EndGlobalSection
	GlobalSection(NestedProjects) = preSolution
		{238A0741-D784-43B0-B3E5-1D109118DAF1} = {879227D7-64E6-4E31-AFF7-358BF0B557F5}
	EndGlobalSection
EndGlobal
